
Microsoft Visual Studio Solution File, Format Version 12.00
# Visual Studio 2013
VisualStudioVersion = 12.0.21005.1
MinimumVisualStudioVersion = 10.0.40219.1
Project("{FAE04EC0-301F-11D3-BF4B-00C04F79EFBC}") = "PNDC_ClientToServerProject", "PNDC_ClientToServerProject\PNDC_ClientToServerProject.csproj", "{9EE62BB5-79A9-4B1D-BD75-16D2FE2345DA}"
EndProject
Project("{FAE04EC0-301F-11D3-BF4B-00C04F79EFBC}") = "ServerSection", "ServerSection\ServerSection.csproj", "{FFA6C8E2-7A9F-4B46-9D85-B1E45FAC0B25}"
EndProject
Global
	GlobalSection(SolutionConfigurationPlatforms) = preSolution
		Debug|Any CPU = Debug|Any CPU
		Release|Any CPU = Release|Any CPU
	EndGlobalSection
	GlobalSection(ProjectConfigurationPlatforms) = postSolution
		{9EE62BB5-79A9-4B1D-BD75-16D2FE2345DA}.Debug|Any CPU.ActiveCfg = Debug|Any CPU
		{9EE62BB5-79A9-4B1D-BD75-16D2FE2345DA}.Debug|Any CPU.Build.0 = Debug|Any CPU
		{9EE62BB5-79A9-4B1D-BD75-16D2FE2345DA}.Release|Any CPU.ActiveCfg = Release|Any CPU
		{9EE62BB5-79A9-4B1D-BD75-16D2FE2345DA}.Release|Any CPU.Build.0 = Release|Any CPU
		{FFA6C8E2-7A9F-4B46-9D85-B1E45FAC0B25}.Debug|Any CPU.ActiveCfg = Debug|Any CPU
		{FFA6C8E2-7A9F-4B46-9D85-B1E45FAC0B25}.Debug|Any CPU.Build.0 = Debug|Any CPU
		{FFA6C8E2-7A9F-4B46-9D85-B1E45FAC0B25}.Release|Any CPU.ActiveCfg = Release|Any CPU
		{FFA6C8E2-7A9F-4B46-9D85-B1E45FAC0B25}.Release|Any CPU.Build.0 = Release|Any CPU
	EndGlobalSection
	GlobalSection(SolutionProperties) = preSolution
		HideSolutionNode = FALSE
	EndGlobalSection
EndGlobal
